{
  "requires": true,
  "lockfileVersion": 1,
  "dependencies": {
    "@googlemaps/js-api-loader": {
      "version": "1.11.4",
      "resolved": "https://registry.npmjs.org/@googlemaps/js-api-loader/-/js-api-loader-1.11.4.tgz",
      "integrity": "sha512-atFTSgEXXsE7mOsOIInUKG4JApu/NdyZR79Ed6jF92MjVQTcD6dz/Xo8djf4cIetnq4WYQmetem0d8/uS4o8oQ==",
      "requires": {
        "fast-deep-equal": "^3.1.3"
      }
    },
    "@react-google-maps/api": {
      "version": "2.2.0",
      "resolved": "https://registry.npmjs.org/@react-google-maps/api/-/api-2.2.0.tgz",
      "integrity": "sha512-kMmzHyveLdEiLP+WN/H4vYEyaDTJn59mXj5Y0BxjJs5SIMhUtYxJ6EeJCV0aRSN+Gq5hYFLheBoy8Pfqtabq5g==",
      "requires": {
        "@googlemaps/js-api-loader": "1.11.4",
        "@react-google-maps/infobox": "2.2.0",
        "@react-google-maps/marker-clusterer": "2.2.0",
        "invariant": "2.2.4"
      }
    },
    "@react-google-maps/infobox": {
      "version": "2.2.0",
      "resolved": "https://registry.npmjs.org/@react-google-maps/infobox/-/infobox-2.2.0.tgz",
      "integrity": "sha512-nQbsPdcSTodXaaOgM9CaqyXytBkmollMuaYvERv5zxdoTWT1JvuViSaRbxpc3dYDsEHmp3myLx4ZbDcnOjf7Hg=="
    },
    "@react-google-maps/marker-clusterer": {
      "version": "2.2.0",
      "resolved": "https://registry.npmjs.org/@react-google-maps/marker-clusterer/-/marker-clusterer-2.2.0.tgz",
      "integrity": "sha512-QaQAfY/FdaSwPmm0JnW9AW+t0ocfUYmuso9WmeIMwTRCqcqNxc4GFe5uT0LDLmsYt/wxAeYoGWVaD8sd/Vquig=="
    },
    "fast-deep-equal": {
      "version": "3.1.3",
      "resolved": "https://registry.npmjs.org/fast-deep-equal/-/fast-deep-equal-3.1.3.tgz",
      "integrity": "sha512-f3qQ9oQy9j2AhBe/H9VC91wLmKBCCU/gDOnKNAYG5hswO7BLKj09Hc5HYNz9cGI++xlpDCIgDaitVs03ATR84Q=="
    },
    "invariant": {
      "version": "2.2.4",
      "resolved": "https://registry.npmjs.org/invariant/-/invariant-2.2.4.tgz",
      "integrity": "sha512-phJfQVBuaJM5raOpJjSfkiD6BpbCE4Ns//LaXl6wGYtUBY83nWS6Rf9tXm2e8VaK60JEjYldbPif/A2B1C2gNA==",
      "requires": {
        "loose-envify": "^1.0.0"
      }
    },
    "js-tokens": {
      "version": "4.0.0",
      "resolved": "https://registry.npmjs.org/js-tokens/-/js-tokens-4.0.0.tgz",
      "integrity": "sha512-RdJUflcE3cUzKiMqQgsCu06FPu9UdIJO0beYbPhHN4k6apgJtifcoCtT9bcxOpYBtpD2kCM6Sbzg4CausW/PKQ=="
    },
    "loose-envify": {
      "version": "1.4.0",
      "resolved": "https://registry.npmjs.org/loose-envify/-/loose-envify-1.4.0.tgz",
      "integrity": "sha512-lyuxPGr/Wfhrlem2CL/UcnUc1zcqKAImBDzukY7Y5F/yQiNdko6+fRLevlw1HgMySw7f611UIY408EtxRSoK3Q==",
      "requires": {
        "js-tokens": "^3.0.0 || ^4.0.0"
      }
    }
  }
}
